
Microsoft Visual Studio Solution File, Format Version 12.00
# Visual Studio Version 18
VisualStudioVersion = 18.6.11723.189 insiders
MinimumVisualStudioVersion = 10.0.40219.1
Project("{FAE04EC0-301F-11D3-BF4B-00C04F79EFBC}") = "OS", "OS.csproj", "{D7714356-7E97-7DCB-DE8D-789FAE0F3D90}"
EndProject
Global
	GlobalSection(SolutionConfigurationPlatforms) = preSolution
		Debug|Any CPU = Debug|Any CPU
		Release|Any CPU = Release|Any CPU
	EndGlobalSection
	GlobalSection(ProjectConfigurationPlatforms) = postSolution
		{D7714356-7E97-7DCB-DE8D-789FAE0F3D90}.Debug|Any CPU.ActiveCfg = Debug|Any CPU
		{D7714356-7E97-7DCB-DE8D-789FAE0F3D90}.Debug|Any CPU.Build.0 = Debug|Any CPU
		{D7714356-7E97-7DCB-DE8D-789FAE0F3D90}.Release|Any CPU.ActiveCfg = Release|Any CPU
		{D7714356-7E97-7DCB-DE8D-789FAE0F3D90}.Release|Any CPU.Build.0 = Release|Any CPU
	EndGlobalSection
	GlobalSection(SolutionProperties) = preSolution
		HideSolutionNode = FALSE
	EndGlobalSection
	GlobalSection(ExtensibilityGlobals) = postSolution
		SolutionGuid = {67274F9C-0C7A-450F-9834-97BF695BB161}
	EndGlobalSection
EndGlobal
